// !$*UTF8*$!
{
	archiveVersion = 1;
	classes = {
	};
	objectVersion = 56;
	objects = {

/* Begin PBXBuildFile section */
		031016052AB412540065BBF4 /* StatisticsViewController.swift in Sources */ = {isa = PBXBuildFile; fileRef = 031016042AB412540065BBF4 /* StatisticsViewController.swift */; };
		03115D9B2B29ADE500847E2B /* Localizable.strings in Resources */ = {isa = PBXBuildFile; fileRef = 03115D9D2B29ADE500847E2B /* Localizable.strings */; };
		03115D9F2B29ADEC00847E2B /* Localizable.stringsdict in Resources */ = {isa = PBXBuildFile; fileRef = 03115DA12B29ADEC00847E2B /* Localizable.stringsdict */; };
		0338A4232A9E006000C1DD27 /* AppDelegate.swift in Sources */ = {isa = PBXBuildFile; fileRef = 0338A4222A9E006000C1DD27 /* AppDelegate.swift */; };
		0338A4252A9E006000C1DD27 /* SceneDelegate.swift in Sources */ = {isa = PBXBuildFile; fileRef = 0338A4242A9E006000C1DD27 /* SceneDelegate.swift */; };
		0338A4272A9E006000C1DD27 /* TrackersViewController.swift in Sources */ = {isa = PBXBuildFile; fileRef = 0338A4262A9E006000C1DD27 /* TrackersViewController.swift */; };
		0338A42C2A9E006100C1DD27 /* Assets.xcassets in Resources */ = {isa = PBXBuildFile; fileRef = 0338A42B2A9E006100C1DD27 /* Assets.xcassets */; };
		0338A42F2A9E006100C1DD27 /* LaunchScreen.storyboard in Resources */ = {isa = PBXBuildFile; fileRef = 0338A42D2A9E006100C1DD27 /* LaunchScreen.storyboard */; };
		0338A43A2A9E006100C1DD27 /* TrackerTests.swift in Sources */ = {isa = PBXBuildFile; fileRef = 0338A4392A9E006100C1DD27 /* TrackerTests.swift */; };
		0338A4442A9E006100C1DD27 /* TrackerUITests.swift in Sources */ = {isa = PBXBuildFile; fileRef = 0338A4432A9E006100C1DD27 /* TrackerUITests.swift */; };
		0338A4462A9E006100C1DD27 /* TrackerUITestsLaunchTests.swift in Sources */ = {isa = PBXBuildFile; fileRef = 0338A4452A9E006100C1DD27 /* TrackerUITestsLaunchTests.swift */; };
		034160C42AB31B0500614FC2 /* TabBarController.swift in Sources */ = {isa = PBXBuildFile; fileRef = 034160C32AB31B0500614FC2 /* TabBarController.swift */; };
		035239632AFF6A8800BFCE5B /* ScheduleViewController.swift in Sources */ = {isa = PBXBuildFile; fileRef = 035239622AFF6A8800BFCE5B /* ScheduleViewController.swift */; };
		035239672AFF714300BFCE5B /* TrackerCategoryStore.swift in Sources */ = {isa = PBXBuildFile; fileRef = 035239662AFF714300BFCE5B /* TrackerCategoryStore.swift */; };
		035239692AFF732B00BFCE5B /* CategoryTableViewCell.swift in Sources */ = {isa = PBXBuildFile; fileRef = 035239682AFF732B00BFCE5B /* CategoryTableViewCell.swift */; };
		0352396B2AFF790200BFCE5B /* CreateCategoryViewController.swift in Sources */ = {isa = PBXBuildFile; fileRef = 0352396A2AFF790200BFCE5B /* CreateCategoryViewController.swift */; };
		0352396D2AFF7E5B00BFCE5B /* ScheduleTableViewCell.swift in Sources */ = {isa = PBXBuildFile; fileRef = 0352396C2AFF7E5B00BFCE5B /* ScheduleTableViewCell.swift */; };
		0352396F2B00C88A00BFCE5B /* TrackersCollectionReusableView.swift in Sources */ = {isa = PBXBuildFile; fileRef = 0352396E2B00C88A00BFCE5B /* TrackersCollectionReusableView.swift */; };
		035239712B00E9EE00BFCE5B /* TrackerStore.swift in Sources */ = {isa = PBXBuildFile; fileRef = 035239702B00E9EE00BFCE5B /* TrackerStore.swift */; };
		035239732B00EAE600BFCE5B /* TrackerRecordStore.swift in Sources */ = {isa = PBXBuildFile; fileRef = 035239722B00EAE600BFCE5B /* TrackerRecordStore.swift */; };
		0378FCD82AB4247D00BB60F9 /* TrackerSchedule.swift in Sources */ = {isa = PBXBuildFile; fileRef = 0378FCD72AB4247D00BB60F9 /* TrackerSchedule.swift */; };
		0378FCDA2AB4249B00BB60F9 /* TrackerCategory.swift in Sources */ = {isa = PBXBuildFile; fileRef = 0378FCD92AB4249B00BB60F9 /* TrackerCategory.swift */; };
		0378FCDC2AB424E200BB60F9 /* TrackerRecord.swift in Sources */ = {isa = PBXBuildFile; fileRef = 0378FCDB2AB424E200BB60F9 /* TrackerRecord.swift */; };
		0378FCDE2AB4268F00BB60F9 /* TrackersPlaceholderView.swift in Sources */ = {isa = PBXBuildFile; fileRef = 0378FCDD2AB4268F00BB60F9 /* TrackersPlaceholderView.swift */; };
		03A8A5F12B26F31700A8F306 /* OnboardingViewController.swift in Sources */ = {isa = PBXBuildFile; fileRef = 03A8A5F02B26F31700A8F306 /* OnboardingViewController.swift */; };
		03A8A5F32B26F38A00A8F306 /* OnboardingPage.swift in Sources */ = {isa = PBXBuildFile; fileRef = 03A8A5F22B26F38A00A8F306 /* OnboardingPage.swift */; };
		03A8A61A2B27108600A8F306 /* ListCategoriesViewModel.swift in Sources */ = {isa = PBXBuildFile; fileRef = 03A8A6192B27108600A8F306 /* ListCategoriesViewModel.swift */; };
		03A8A61D2B27120200A8F306 /* Observable.swift in Sources */ = {isa = PBXBuildFile; fileRef = 03A8A61C2B27120200A8F306 /* Observable.swift */; };
		03BA6CE72AF9FD8C00407F5F /* CreateHabbitViewController.swift in Sources */ = {isa = PBXBuildFile; fileRef = 03BA6CE62AF9FD8C00407F5F /* CreateHabbitViewController.swift */; };
		03BCF2A52B0A241700223342 /* DaysValueTransformer.swift in Sources */ = {isa = PBXBuildFile; fileRef = 03BCF2A42B0A241700223342 /* DaysValueTransformer.swift */; };
		03BCF2A82B0A296100223342 /* Trackers.xcdatamodeld in Sources */ = {isa = PBXBuildFile; fileRef = 03BCF2A62B0A296100223342 /* Trackers.xcdatamodeld */; };
		03BCF2D12B0AF38300223342 /* CoreDataStack.swift in Sources */ = {isa = PBXBuildFile; fileRef = 03BCF2D02B0AF38300223342 /* CoreDataStack.swift */; };
		03C15B162AFDF039005829E4 /* TextFieldTableViewCell.swift in Sources */ = {isa = PBXBuildFile; fileRef = 03C15B152AFDF039005829E4 /* TextFieldTableViewCell.swift */; };
		03C15B182AFDF261005829E4 /* HabbitSetupTableViewCell.swift in Sources */ = {isa = PBXBuildFile; fileRef = 03C15B172AFDF261005829E4 /* HabbitSetupTableViewCell.swift */; };
		03C15B1B2AFDFB97005829E4 /* EmojiTableViewCell.swift in Sources */ = {isa = PBXBuildFile; fileRef = 03C15B1A2AFDFB97005829E4 /* EmojiTableViewCell.swift */; };
		03C15B1D2AFDFBC7005829E4 /* ColorsTableViewCell.swift in Sources */ = {isa = PBXBuildFile; fileRef = 03C15B1C2AFDFBC7005829E4 /* ColorsTableViewCell.swift */; };
		03C15B1F2AFDFBDC005829E4 /* EmojiCollectionViewCell.swift in Sources */ = {isa = PBXBuildFile; fileRef = 03C15B1E2AFDFBDC005829E4 /* EmojiCollectionViewCell.swift */; };
		03C15B232AFDFBFD005829E4 /* ColorCollectionViewCell.swift in Sources */ = {isa = PBXBuildFile; fileRef = 03C15B222AFDFBFD005829E4 /* ColorCollectionViewCell.swift */; };
		03C15B262AFE187A005829E4 /* ListCategoriesViewController.swift in Sources */ = {isa = PBXBuildFile; fileRef = 03C15B252AFE187A005829E4 /* ListCategoriesViewController.swift */; };
		03D5D5B82B18DC46006F1DD9 /* UIColorValueTransformer.swift in Sources */ = {isa = PBXBuildFile; fileRef = 03D5D5B72B18DC46006F1DD9 /* UIColorValueTransformer.swift */; };
		03F2417C2AB45276008F4D44 /* CreateTrackerViewController.swift in Sources */ = {isa = PBXBuildFile; fileRef = 03F2417B2AB45275008F4D44 /* CreateTrackerViewController.swift */; };
		03F2417E2AB594C6008F4D44 /* TrackersCollectionViewCell.swift in Sources */ = {isa = PBXBuildFile; fileRef = 03F2417D2AB594C6008F4D44 /* TrackersCollectionViewCell.swift */; };
		03F33F5E2AB422BC00761E07 /* Tracker.swift in Sources */ = {isa = PBXBuildFile; fileRef = 03F33F5D2AB422BC00761E07 /* Tracker.swift */; };
		03F914312B1640BE001AB00B /* TrackerCategoryProvider.swift in Sources */ = {isa = PBXBuildFile; fileRef = 03F914302B1640BE001AB00B /* TrackerCategoryProvider.swift */; };
/* End PBXBuildFile section */

/* Begin PBXContainerItemProxy section */
		0338A4362A9E006100C1DD27 /* PBXContainerItemProxy */ = {
			isa = PBXContainerItemProxy;
			containerPortal = 0338A4172A9E006000C1DD27 /* Project object */;
			proxyType = 1;
			remoteGlobalIDString = 0338A41E2A9E006000C1DD27;
			remoteInfo = Tracker;
		};
		0338A4402A9E006100C1DD27 /* PBXContainerItemProxy */ = {
			isa = PBXContainerItemProxy;
			containerPortal = 0338A4172A9E006000C1DD27 /* Project object */;
			proxyType = 1;
			remoteGlobalIDString = 0338A41E2A9E006000C1DD27;
			remoteInfo = Tracker;
		};
/* End PBXContainerItemProxy section */

/* Begin PBXFileReference section */
		031016042AB412540065BBF4 /* StatisticsViewController.swift */ = {isa = PBXFileReference; lastKnownFileType = sourcecode.swift; path = StatisticsViewController.swift; sourceTree = "<group>"; };
		03115D9A2B29ADD500847E2B /* ru */ = {isa = PBXFileReference; lastKnownFileType = text.plist.strings; name = ru; path = ru.lproj/LaunchScreen.strings; sourceTree = "<group>"; };
		03115D9C2B29ADE500847E2B /* ru */ = {isa = PBXFileReference; lastKnownFileType = text.plist.strings; name = ru; path = ru.lproj/Localizable.strings; sourceTree = "<group>"; };
		03115D9E2B29ADE700847E2B /* en */ = {isa = PBXFileReference; lastKnownFileType = text.plist.strings; name = en; path = en.lproj/Localizable.strings; sourceTree = "<group>"; };
		03115DA02B29ADEC00847E2B /* en */ = {isa = PBXFileReference; lastKnownFileType = text.plist.stringsdict; name = en; path = en.lproj/Localizable.stringsdict; sourceTree = "<group>"; };
		03115DA22B29ADED00847E2B /* ru */ = {isa = PBXFileReference; lastKnownFileType = text.plist.stringsdict; name = ru; path = ru.lproj/Localizable.stringsdict; sourceTree = "<group>"; };
		03115DA72B29B8C300847E2B /* Info.plist */ = {isa = PBXFileReference; lastKnownFileType = text.plist.xml; path = Info.plist; sourceTree = "<group>"; };
		0338A41F2A9E006000C1DD27 /* Tracker.app */ = {isa = PBXFileReference; explicitFileType = wrapper.application; includeInIndex = 0; path = Tracker.app; sourceTree = BUILT_PRODUCTS_DIR; };
		0338A4222A9E006000C1DD27 /* AppDelegate.swift */ = {isa = PBXFileReference; lastKnownFileType = sourcecode.swift; path = AppDelegate.swift; sourceTree = "<group>"; };
		0338A4242A9E006000C1DD27 /* SceneDelegate.swift */ = {isa = PBXFileReference; lastKnownFileType = sourcecode.swift; path = SceneDelegate.swift; sourceTree = "<group>"; };
		0338A4262A9E006000C1DD27 /* TrackersViewController.swift */ = {isa = PBXFileReference; lastKnownFileType = sourcecode.swift; path = TrackersViewController.swift; sourceTree = "<group>"; };
		0338A42B2A9E006100C1DD27 /* Assets.xcassets */ = {isa = PBXFileReference; lastKnownFileType = folder.assetcatalog; path = Assets.xcassets; sourceTree = "<group>"; };
		0338A42E2A9E006100C1DD27 /* Base */ = {isa = PBXFileReference; lastKnownFileType = file.storyboard; name = Base; path = Base.lproj/LaunchScreen.storyboard; sourceTree = "<group>"; };
		0338A4352A9E006100C1DD27 /* TrackerTests.xctest */ = {isa = PBXFileReference; explicitFileType = wrapper.cfbundle; includeInIndex = 0; path = TrackerTests.xctest; sourceTree = BUILT_PRODUCTS_DIR; };
		0338A4392A9E006100C1DD27 /* TrackerTests.swift */ = {isa = PBXFileReference; lastKnownFileType = sourcecode.swift; path = TrackerTests.swift; sourceTree = "<group>"; };
		0338A43F2A9E006100C1DD27 /* TrackerUITests.xctest */ = {isa = PBXFileReference; explicitFileType = wrapper.cfbundle; includeInIndex = 0; path = TrackerUITests.xctest; sourceTree = BUILT_PRODUCTS_DIR; };
		0338A4432A9E006100C1DD27 /* TrackerUITests.swift */ = {isa = PBXFileReference; lastKnownFileType = sourcecode.swift; path = TrackerUITests.swift; sourceTree = "<group>"; };
		0338A4452A9E006100C1DD27 /* TrackerUITestsLaunchTests.swift */ = {isa = PBXFileReference; lastKnownFileType = sourcecode.swift; path = TrackerUITestsLaunchTests.swift; sourceTree = "<group>"; };
		034160C32AB31B0500614FC2 /* TabBarController.swift */ = {isa = PBXFileReference; lastKnownFileType = sourcecode.swift; path = TabBarController.swift; sourceTree = "<group>"; };
		035239622AFF6A8800BFCE5B /* ScheduleViewController.swift */ = {isa = PBXFileReference; lastKnownFileType = sourcecode.swift; path = ScheduleViewController.swift; sourceTree = "<group>"; };
		035239662AFF714300BFCE5B /* TrackerCategoryStore.swift */ = {isa = PBXFileReference; lastKnownFileType = sourcecode.swift; path = TrackerCategoryStore.swift; sourceTree = "<group>"; };
		035239682AFF732B00BFCE5B /* CategoryTableViewCell.swift */ = {isa = PBXFileReference; lastKnownFileType = sourcecode.swift; path = CategoryTableViewCell.swift; sourceTree = "<group>"; };
		0352396A2AFF790200BFCE5B /* CreateCategoryViewController.swift */ = {isa = PBXFileReference; lastKnownFileType = sourcecode.swift; path = CreateCategoryViewController.swift; sourceTree = "<group>"; };
		0352396C2AFF7E5B00BFCE5B /* ScheduleTableViewCell.swift */ = {isa = PBXFileReference; lastKnownFileType = sourcecode.swift; path = ScheduleTableViewCell.swift; sourceTree = "<group>"; };
		0352396E2B00C88A00BFCE5B /* TrackersCollectionReusableView.swift */ = {isa = PBXFileReference; lastKnownFileType = sourcecode.swift; path = TrackersCollectionReusableView.swift; sourceTree = "<group>"; };
		035239702B00E9EE00BFCE5B /* TrackerStore.swift */ = {isa = PBXFileReference; lastKnownFileType = sourcecode.swift; path = TrackerStore.swift; sourceTree = "<group>"; };
		035239722B00EAE600BFCE5B /* TrackerRecordStore.swift */ = {isa = PBXFileReference; lastKnownFileType = sourcecode.swift; path = TrackerRecordStore.swift; sourceTree = "<group>"; };
		0378FCD72AB4247D00BB60F9 /* TrackerSchedule.swift */ = {isa = PBXFileReference; lastKnownFileType = sourcecode.swift; path = TrackerSchedule.swift; sourceTree = "<group>"; };
		0378FCD92AB4249B00BB60F9 /* TrackerCategory.swift */ = {isa = PBXFileReference; lastKnownFileType = sourcecode.swift; path = TrackerCategory.swift; sourceTree = "<group>"; };
		0378FCDB2AB424E200BB60F9 /* TrackerRecord.swift */ = {isa = PBXFileReference; lastKnownFileType = sourcecode.swift; path = TrackerRecord.swift; sourceTree = "<group>"; };
		0378FCDD2AB4268F00BB60F9 /* TrackersPlaceholderView.swift */ = {isa = PBXFileReference; lastKnownFileType = sourcecode.swift; path = TrackersPlaceholderView.swift; sourceTree = "<group>"; };
		03A8A5F02B26F31700A8F306 /* OnboardingViewController.swift */ = {isa = PBXFileReference; lastKnownFileType = sourcecode.swift; path = OnboardingViewController.swift; sourceTree = "<group>"; };
		03A8A5F22B26F38A00A8F306 /* OnboardingPage.swift */ = {isa = PBXFileReference; lastKnownFileType = sourcecode.swift; path = OnboardingPage.swift; sourceTree = "<group>"; };
		03A8A6192B27108600A8F306 /* ListCategoriesViewModel.swift */ = {isa = PBXFileReference; lastKnownFileType = sourcecode.swift; path = ListCategoriesViewModel.swift; sourceTree = "<group>"; };
		03A8A61C2B27120200A8F306 /* Observable.swift */ = {isa = PBXFileReference; lastKnownFileType = sourcecode.swift; path = Observable.swift; sourceTree = "<group>"; };
		03BA6CE62AF9FD8C00407F5F /* CreateHabbitViewController.swift */ = {isa = PBXFileReference; lastKnownFileType = sourcecode.swift; path = CreateHabbitViewController.swift; sourceTree = "<group>"; };
		03BCF2A42B0A241700223342 /* DaysValueTransformer.swift */ = {isa = PBXFileReference; lastKnownFileType = sourcecode.swift; path = DaysValueTransformer.swift; sourceTree = "<group>"; };
		03BCF2A72B0A296100223342 /* Trackers.xcdatamodel */ = {isa = PBXFileReference; lastKnownFileType = wrapper.xcdatamodel; path = Trackers.xcdatamodel; sourceTree = "<group>"; };
		03BCF2D02B0AF38300223342 /* CoreDataStack.swift */ = {isa = PBXFileReference; lastKnownFileType = sourcecode.swift; path = CoreDataStack.swift; sourceTree = "<group>"; };
		03C15B152AFDF039005829E4 /* TextFieldTableViewCell.swift */ = {isa = PBXFileReference; lastKnownFileType = sourcecode.swift; path = TextFieldTableViewCell.swift; sourceTree = "<group>"; };
		03C15B172AFDF261005829E4 /* HabbitSetupTableViewCell.swift */ = {isa = PBXFileReference; lastKnownFileType = sourcecode.swift; path = HabbitSetupTableViewCell.swift; sourceTree = "<group>"; };
		03C15B1A2AFDFB97005829E4 /* EmojiTableViewCell.swift */ = {isa = PBXFileReference; lastKnownFileType = sourcecode.swift; path = EmojiTableViewCell.swift; sourceTree = "<group>"; };
		03C15B1C2AFDFBC7005829E4 /* ColorsTableViewCell.swift */ = {isa = PBXFileReference; lastKnownFileType = sourcecode.swift; path = ColorsTableViewCell.swift; sourceTree = "<group>"; };
		03C15B1E2AFDFBDC005829E4 /* EmojiCollectionViewCell.swift */ = {isa = PBXFileReference; lastKnownFileType = sourcecode.swift; path = EmojiCollectionViewCell.swift; sourceTree = "<group>"; };
		03C15B222AFDFBFD005829E4 /* ColorCollectionViewCell.swift */ = {isa = PBXFileReference; lastKnownFileType = sourcecode.swift; path = ColorCollectionViewCell.swift; sourceTree = "<group>"; };
		03C15B252AFE187A005829E4 /* ListCategoriesViewController.swift */ = {isa = PBXFileReference; lastKnownFileType = sourcecode.swift; path = ListCategoriesViewController.swift; sourceTree = "<group>"; };
		03D5D5B72B18DC46006F1DD9 /* UIColorValueTransformer.swift */ = {isa = PBXFileReference; lastKnownFileType = sourcecode.swift; path = UIColorValueTransformer.swift; sourceTree = "<group>"; };
		03F2417B2AB45275008F4D44 /* CreateTrackerViewController.swift */ = {isa = PBXFileReference; lastKnownFileType = sourcecode.swift; path = CreateTrackerViewController.swift; sourceTree = "<group>"; };
		03F2417D2AB594C6008F4D44 /* TrackersCollectionViewCell.swift */ = {isa = PBXFileReference; lastKnownFileType = sourcecode.swift; path = TrackersCollectionViewCell.swift; sourceTree = "<group>"; };
		03F33F5D2AB422BC00761E07 /* Tracker.swift */ = {isa = PBXFileReference; lastKnownFileType = sourcecode.swift; path = Tracker.swift; sourceTree = "<group>"; };
		03F914302B1640BE001AB00B /* TrackerCategoryProvider.swift */ = {isa = PBXFileReference; lastKnownFileType = sourcecode.swift; path = TrackerCategoryProvider.swift; sourceTree = "<group>"; };
/* End PBXFileReference section */

/* Begin PBXFrameworksBuildPhase section */
		0338A41C2A9E006000C1DD27 /* Frameworks */ = {
			isa = PBXFrameworksBuildPhase;
			buildActionMask = 2147483647;
			files = (
			);
			runOnlyForDeploymentPostprocessing = 0;
		};
		0338A4322A9E006100C1DD27 /* Frameworks */ = {
			isa = PBXFrameworksBuildPhase;
			buildActionMask = 2147483647;
			files = (
			);
			runOnlyForDeploymentPostprocessing = 0;
		};
		0338A43C2A9E006100C1DD27 /* Frameworks */ = {
			isa = PBXFrameworksBuildPhase;
			buildActionMask = 2147483647;
			files = (
			);
			runOnlyForDeploymentPostprocessing = 0;
		};
/* End PBXFrameworksBuildPhase section */

/* Begin PBXGroup section */
		03099E812B2C14B2009479E5 /* Cells */ = {
			isa = PBXGroup;
			children = (
				03F2417D2AB594C6008F4D44 /* TrackersCollectionViewCell.swift */,
				0352396E2B00C88A00BFCE5B /* TrackersCollectionReusableView.swift */,
			);
			path = Cells;
			sourceTree = "<group>";
		};
		031016022AB412170065BBF4 /* Trackers */ = {
			isa = PBXGroup;
			children = (
				03099E812B2C14B2009479E5 /* Cells */,
				0338A4262A9E006000C1DD27 /* TrackersViewController.swift */,
				03F2417B2AB45275008F4D44 /* CreateTrackerViewController.swift */,
			);
			path = Trackers;
			sourceTree = "<group>";
		};
		031016032AB412250065BBF4 /* Statistics */ = {
			isa = PBXGroup;
			children = (
				031016042AB412540065BBF4 /* StatisticsViewController.swift */,
			);
			path = Statistics;
			sourceTree = "<group>";
		};
		03115D952B29AC2400847E2B /* Resources */ = {
			isa = PBXGroup;
			children = (
				03115D9D2B29ADE500847E2B /* Localizable.strings */,
				03115DA12B29ADEC00847E2B /* Localizable.stringsdict */,
			);
			path = Resources;
			sourceTree = "<group>";
		};
		0338A4162A9E006000C1DD27 = {
			isa = PBXGroup;
			children = (
				0338A4212A9E006000C1DD27 /* Tracker */,
				0338A4382A9E006100C1DD27 /* TrackerTests */,
				0338A4422A9E006100C1DD27 /* TrackerUITests */,
				0338A4202A9E006000C1DD27 /* Products */,
			);
			sourceTree = "<group>";
		};
		0338A4202A9E006000C1DD27 /* Products */ = {
			isa = PBXGroup;
			children = (
				0338A41F2A9E006000C1DD27 /* Tracker.app */,
				0338A4352A9E006100C1DD27 /* TrackerTests.xctest */,
				0338A43F2A9E006100C1DD27 /* TrackerUITests.xctest */,
			);
			name = Products;
			sourceTree = "<group>";
		};
		0338A4212A9E006000C1DD27 /* Tracker */ = {
			isa = PBXGroup;
			children = (
				03115D952B29AC2400847E2B /* Resources */,
				03A8A61B2B2711F100A8F306 /* Helpers */,
				03A8A5EF2B26F2FA00A8F306 /* Onboarding */,
				03BCF2A92B0A29AC00223342 /* CoreData */,
				035239742B0316A100BFCE5B /* SupplimentaryItems */,
				035239612AFF6A3C00BFCE5B /* Schedule */,
				03C15B242AFE085F005829E4 /* Categories */,
				03C15B142AFDEFF9005829E4 /* Habbits */,
				03F33F5C2AB422AD00761E07 /* Domain */,
				031016032AB412250065BBF4 /* Statistics */,
				031016022AB412170065BBF4 /* Trackers */,
				034160C22AB31AD900614FC2 /* MainNavigation */,
				0338A4222A9E006000C1DD27 /* AppDelegate.swift */,
				0338A4242A9E006000C1DD27 /* SceneDelegate.swift */,
				0338A42B2A9E006100C1DD27 /* Assets.xcassets */,
				0338A42D2A9E006100C1DD27 /* LaunchScreen.storyboard */,
				03115DA72B29B8C300847E2B /* Info.plist */,
			);
			path = Tracker;
			sourceTree = "<group>";
		};
		0338A4382A9E006100C1DD27 /* TrackerTests */ = {
			isa = PBXGroup;
			children = (
				0338A4392A9E006100C1DD27 /* TrackerTests.swift */,
			);
			path = TrackerTests;
			sourceTree = "<group>";
		};
		0338A4422A9E006100C1DD27 /* TrackerUITests */ = {
			isa = PBXGroup;
			children = (
				0338A4432A9E006100C1DD27 /* TrackerUITests.swift */,
				0338A4452A9E006100C1DD27 /* TrackerUITestsLaunchTests.swift */,
			);
			path = TrackerUITests;
			sourceTree = "<group>";
		};
		034160C22AB31AD900614FC2 /* MainNavigation */ = {
			isa = PBXGroup;
			children = (
				034160C32AB31B0500614FC2 /* TabBarController.swift */,
			);
			path = MainNavigation;
			sourceTree = "<group>";
		};
		035239612AFF6A3C00BFCE5B /* Schedule */ = {
			isa = PBXGroup;
			children = (
				035239622AFF6A8800BFCE5B /* ScheduleViewController.swift */,
				0352396C2AFF7E5B00BFCE5B /* ScheduleTableViewCell.swift */,
			);
			path = Schedule;
			sourceTree = "<group>";
		};
		035239742B0316A100BFCE5B /* SupplimentaryItems */ = {
			isa = PBXGroup;
			children = (
				0378FCDD2AB4268F00BB60F9 /* TrackersPlaceholderView.swift */,
			);
			path = SupplimentaryItems;
			sourceTree = "<group>";
		};
		03A8A5EF2B26F2FA00A8F306 /* Onboarding */ = {
			isa = PBXGroup;
			children = (
				03A8A5F02B26F31700A8F306 /* OnboardingViewController.swift */,
				03A8A5F22B26F38A00A8F306 /* OnboardingPage.swift */,
			);
			path = Onboarding;
			sourceTree = "<group>";
		};
		03A8A61B2B2711F100A8F306 /* Helpers */ = {
			isa = PBXGroup;
			children = (
				03A8A61C2B27120200A8F306 /* Observable.swift */,
			);
			path = Helpers;
			sourceTree = "<group>";
		};
		03BCF2A92B0A29AC00223342 /* CoreData */ = {
			isa = PBXGroup;
			children = (
				03BCF2A62B0A296100223342 /* Trackers.xcdatamodeld */,
				03BCF2A42B0A241700223342 /* DaysValueTransformer.swift */,
				03BCF2D02B0AF38300223342 /* CoreDataStack.swift */,
				035239702B00E9EE00BFCE5B /* TrackerStore.swift */,
				035239722B00EAE600BFCE5B /* TrackerRecordStore.swift */,
				035239662AFF714300BFCE5B /* TrackerCategoryStore.swift */,
				03D5D5B72B18DC46006F1DD9 /* UIColorValueTransformer.swift */,
			);
			path = CoreData;
			sourceTree = "<group>";
		};
		03C15B142AFDEFF9005829E4 /* Habbits */ = {
			isa = PBXGroup;
			children = (
				03C15B192AFDFB65005829E4 /* Cells */,
				03BA6CE62AF9FD8C00407F5F /* CreateHabbitViewController.swift */,
			);
			path = Habbits;
			sourceTree = "<group>";
		};
		03C15B192AFDFB65005829E4 /* Cells */ = {
			isa = PBXGroup;
			children = (
				03C15B152AFDF039005829E4 /* TextFieldTableViewCell.swift */,
				03C15B172AFDF261005829E4 /* HabbitSetupTableViewCell.swift */,
				03C15B1A2AFDFB97005829E4 /* EmojiTableViewCell.swift */,
				03C15B1C2AFDFBC7005829E4 /* ColorsTableViewCell.swift */,
				03C15B1E2AFDFBDC005829E4 /* EmojiCollectionViewCell.swift */,
				03C15B222AFDFBFD005829E4 /* ColorCollectionViewCell.swift */,
			);
			path = Cells;
			sourceTree = "<group>";
		};
		03C15B242AFE085F005829E4 /* Categories */ = {
			isa = PBXGroup;
			children = (
				03C15B252AFE187A005829E4 /* ListCategoriesViewController.swift */,
				035239682AFF732B00BFCE5B /* CategoryTableViewCell.swift */,
				0352396A2AFF790200BFCE5B /* CreateCategoryViewController.swift */,
				03A8A6192B27108600A8F306 /* ListCategoriesViewModel.swift */,
			);
			path = Categories;
			sourceTree = "<group>";
		};
		03F33F5C2AB422AD00761E07 /* Domain */ = {
			isa = PBXGroup;
			children = (
				03F33F5D2AB422BC00761E07 /* Tracker.swift */,
				0378FCD72AB4247D00BB60F9 /* TrackerSchedule.swift */,
				0378FCD92AB4249B00BB60F9 /* TrackerCategory.swift */,
				0378FCDB2AB424E200BB60F9 /* TrackerRecord.swift */,
				03F914302B1640BE001AB00B /* TrackerCategoryProvider.swift */,
			);
			path = Domain;
			sourceTree = "<group>";
		};
/* End PBXGroup section */

/* Begin PBXNativeTarget section */
		0338A41E2A9E006000C1DD27 /* Tracker */ = {
			isa = PBXNativeTarget;
			buildConfigurationList = 0338A4492A9E006100C1DD27 /* Build configuration list for PBXNativeTarget "Tracker" */;
			buildPhases = (
				0338A41B2A9E006000C1DD27 /* Sources */,
				0338A41C2A9E006000C1DD27 /* Frameworks */,
				0338A41D2A9E006000C1DD27 /* Resources */,
			);
			buildRules = (
			);
			dependencies = (
			);
			name = Tracker;
			productName = Tracker;
			productReference = 0338A41F2A9E006000C1DD27 /* Tracker.app */;
			productType = "com.apple.product-type.application";
		};
		0338A4342A9E006100C1DD27 /* TrackerTests */ = {
			isa = PBXNativeTarget;
			buildConfigurationList = 0338A44C2A9E006100C1DD27 /* Build configuration list for PBXNativeTarget "TrackerTests" */;
			buildPhases = (
				0338A4312A9E006100C1DD27 /* Sources */,
				0338A4322A9E006100C1DD27 /* Frameworks */,
				0338A4332A9E006100C1DD27 /* Resources */,
			);
			buildRules = (
			);
			dependencies = (
				0338A4372A9E006100C1DD27 /* PBXTargetDependency */,
			);
			name = TrackerTests;
			productName = TrackerTests;
			productReference = 0338A4352A9E006100C1DD27 /* TrackerTests.xctest */;
			productType = "com.apple.product-type.bundle.unit-test";
		};
		0338A43E2A9E006100C1DD27 /* TrackerUITests */ = {
			isa = PBXNativeTarget;
			buildConfigurationList = 0338A44F2A9E006100C1DD27 /* Build configuration list for PBXNativeTarget "TrackerUITests" */;
			buildPhases = (
				0338A43B2A9E006100C1DD27 /* Sources */,
				0338A43C2A9E006100C1DD27 /* Frameworks */,
				0338A43D2A9E006100C1DD27 /* Resources */,
			);
			buildRules = (
			);
			dependencies = (
				0338A4412A9E006100C1DD27 /* PBXTargetDependency */,
			);
			name = TrackerUITests;
			productName = TrackerUITests;
			productReference = 0338A43F2A9E006100C1DD27 /* TrackerUITests.xctest */;
			productType = "com.apple.product-type.bundle.ui-testing";
		};
/* End PBXNativeTarget section */

/* Begin PBXProject section */
		0338A4172A9E006000C1DD27 /* Project object */ = {
			isa = PBXProject;
			attributes = {
				BuildIndependentTargetsInParallel = 1;
				LastSwiftUpdateCheck = 1430;
				LastUpgradeCheck = 1500;
				TargetAttributes = {
					0338A41E2A9E006000C1DD27 = {
						CreatedOnToolsVersion = 14.3.1;
					};
					0338A4342A9E006100C1DD27 = {
						CreatedOnToolsVersion = 14.3.1;
						TestTargetID = 0338A41E2A9E006000C1DD27;
					};
					0338A43E2A9E006100C1DD27 = {
						CreatedOnToolsVersion = 14.3.1;
						TestTargetID = 0338A41E2A9E006000C1DD27;
					};
				};
			};
			buildConfigurationList = 0338A41A2A9E006000C1DD27 /* Build configuration list for PBXProject "Tracker" */;
			compatibilityVersion = "Xcode 14.0";
			developmentRegion = en;
			hasScannedForEncodings = 0;
			knownRegions = (
				en,
				Base,
				ru,
			);
			mainGroup = 0338A4162A9E006000C1DD27;
			productRefGroup = 0338A4202A9E006000C1DD27 /* Products */;
			projectDirPath = "";
			projectRoot = "";
			targets = (
				0338A41E2A9E006000C1DD27 /* Tracker */,
				0338A4342A9E006100C1DD27 /* TrackerTests */,
				0338A43E2A9E006100C1DD27 /* TrackerUITests */,
			);
		};
/* End PBXProject section */

/* Begin PBXResourcesBuildPhase section */
		0338A41D2A9E006000C1DD27 /* Resources */ = {
			isa = PBXResourcesBuildPhase;
			buildActionMask = 2147483647;
			files = (
				0338A42F2A9E006100C1DD27 /* LaunchScreen.storyboard in Resources */,
				03115D9F2B29ADEC00847E2B /* Localizable.stringsdict in Resources */,
				03115D9B2B29ADE500847E2B /* Localizable.strings in Resources */,
				0338A42C2A9E006100C1DD27 /* Assets.xcassets in Resources */,
			);
			runOnlyForDeploymentPostprocessing = 0;
		};
		0338A4332A9E006100C1DD27 /* Resources */ = {
			isa = PBXResourcesBuildPhase;
			buildActionMask = 2147483647;
			files = (
			);
			runOnlyForDeploymentPostprocessing = 0;
		};
		0338A43D2A9E006100C1DD27 /* Resources */ = {
			isa = PBXResourcesBuildPhase;
			buildActionMask = 2147483647;
			files = (
			);
			runOnlyForDeploymentPostprocessing = 0;
		};
/* End PBXResourcesBuildPhase section */

/* Begin PBXSourcesBuildPhase section */
		0338A41B2A9E006000C1DD27 /* Sources */ = {
			isa = PBXSourcesBuildPhase;
			buildActionMask = 2147483647;
			files = (
				03C15B162AFDF039005829E4 /* TextFieldTableViewCell.swift in Sources */,
				035239672AFF714300BFCE5B /* TrackerCategoryStore.swift in Sources */,
				03C15B182AFDF261005829E4 /* HabbitSetupTableViewCell.swift in Sources */,
				03A8A5F12B26F31700A8F306 /* OnboardingViewController.swift in Sources */,
				03F33F5E2AB422BC00761E07 /* Tracker.swift in Sources */,
				035239712B00E9EE00BFCE5B /* TrackerStore.swift in Sources */,
				0338A4272A9E006000C1DD27 /* TrackersViewController.swift in Sources */,
				035239692AFF732B00BFCE5B /* CategoryTableViewCell.swift in Sources */,
				0378FCDA2AB4249B00BB60F9 /* TrackerCategory.swift in Sources */,
				03C15B1F2AFDFBDC005829E4 /* EmojiCollectionViewCell.swift in Sources */,
				03BCF2D12B0AF38300223342 /* CoreDataStack.swift in Sources */,
				035239632AFF6A8800BFCE5B /* ScheduleViewController.swift in Sources */,
				03C15B232AFDFBFD005829E4 /* ColorCollectionViewCell.swift in Sources */,
				031016052AB412540065BBF4 /* StatisticsViewController.swift in Sources */,
				03F914312B1640BE001AB00B /* TrackerCategoryProvider.swift in Sources */,
				0352396F2B00C88A00BFCE5B /* TrackersCollectionReusableView.swift in Sources */,
				03BCF2A52B0A241700223342 /* DaysValueTransformer.swift in Sources */,
				03D5D5B82B18DC46006F1DD9 /* UIColorValueTransformer.swift in Sources */,
				034160C42AB31B0500614FC2 /* TabBarController.swift in Sources */,
				03A8A5F32B26F38A00A8F306 /* OnboardingPage.swift in Sources */,
				03C15B1D2AFDFBC7005829E4 /* ColorsTableViewCell.swift in Sources */,
				03F2417C2AB45276008F4D44 /* CreateTrackerViewController.swift in Sources */,
				03F2417E2AB594C6008F4D44 /* TrackersCollectionViewCell.swift in Sources */,
				0352396B2AFF790200BFCE5B /* CreateCategoryViewController.swift in Sources */,
				03BA6CE72AF9FD8C00407F5F /* CreateHabbitViewController.swift in Sources */,
				0378FCDE2AB4268F00BB60F9 /* TrackersPlaceholderView.swift in Sources */,
				03A8A61A2B27108600A8F306 /* ListCategoriesViewModel.swift in Sources */,
				0378FCDC2AB424E200BB60F9 /* TrackerRecord.swift in Sources */,
				03BCF2A82B0A296100223342 /* Trackers.xcdatamodeld in Sources */,
				03C15B1B2AFDFB97005829E4 /* EmojiTableViewCell.swift in Sources */,
				03A8A61D2B27120200A8F306 /* Observable.swift in Sources */,
				0378FCD82AB4247D00BB60F9 /* TrackerSchedule.swift in Sources */,
				03C15B262AFE187A005829E4 /* ListCategoriesViewController.swift in Sources */,
				035239732B00EAE600BFCE5B /* TrackerRecordStore.swift in Sources */,
				0338A4232A9E006000C1DD27 /* AppDelegate.swift in Sources */,
				0338A4252A9E006000C1DD27 /* SceneDelegate.swift in Sources */,
				0352396D2AFF7E5B00BFCE5B /* ScheduleTableViewCell.swift in Sources */,
			);
			runOnlyForDeploymentPostprocessing = 0;
		};
		0338A4312A9E006100C1DD27 /* Sources */ = {
			isa = PBXSourcesBuildPhase;
			buildActionMask = 2147483647;
			files = (
				0338A43A2A9E006100C1DD27 /* TrackerTests.swift in Sources */,
			);
			runOnlyForDeploymentPostprocessing = 0;
		};
		0338A43B2A9E006100C1DD27 /* Sources */ = {
			isa = PBXSourcesBuildPhase;
			buildActionMask = 2147483647;
			files = (
				0338A4442A9E006100C1DD27 /* TrackerUITests.swift in Sources */,
				0338A4462A9E006100C1DD27 /* TrackerUITestsLaunchTests.swift in Sources */,
			);
			runOnlyForDeploymentPostprocessing = 0;
		};
/* End PBXSourcesBuildPhase section */

/* Begin PBXTargetDependency section */
		0338A4372A9E006100C1DD27 /* PBXTargetDependency */ = {
			isa = PBXTargetDependency;
			target = 0338A41E2A9E006000C1DD27 /* Tracker */;
			targetProxy = 0338A4362A9E006100C1DD27 /* PBXContainerItemProxy */;
		};
		0338A4412A9E006100C1DD27 /* PBXTargetDependency */ = {
			isa = PBXTargetDependency;
			target = 0338A41E2A9E006000C1DD27 /* Tracker */;
			targetProxy = 0338A4402A9E006100C1DD27 /* PBXContainerItemProxy */;
		};
/* End PBXTargetDependency section */

/* Begin PBXVariantGroup section */
		03115D9D2B29ADE500847E2B /* Localizable.strings */ = {
			isa = PBXVariantGroup;
			children = (
				03115D9C2B29ADE500847E2B /* ru */,
				03115D9E2B29ADE700847E2B /* en */,
			);
			name = Localizable.strings;
			sourceTree = "<group>";
		};
		03115DA12B29ADEC00847E2B /* Localizable.stringsdict */ = {
			isa = PBXVariantGroup;
			children = (
				03115DA02B29ADEC00847E2B /* en */,
				03115DA22B29ADED00847E2B /* ru */,
			);
			name = Localizable.stringsdict;
			sourceTree = "<group>";
		};
		0338A42D2A9E006100C1DD27 /* LaunchScreen.storyboard */ = {
			isa = PBXVariantGroup;
			children = (
				0338A42E2A9E006100C1DD27 /* Base */,
				03115D9A2B29ADD500847E2B /* ru */,
			);
			name = LaunchScreen.storyboard;
			sourceTree = "<group>";
		};
/* End PBXVariantGroup section */

/* Begin XCBuildConfiguration section */
		0338A4472A9E006100C1DD27 /* Debug */ = {
			isa = XCBuildConfiguration;
			buildSettings = {
				ALWAYS_SEARCH_USER_PATHS = NO;
				CLANG_ANALYZER_LOCALIZABILITY_NONLOCALIZED = YES;
				CLANG_ANALYZER_NONNULL = YES;
				CLANG_ANALYZER_NUMBER_OBJECT_CONVERSION = YES_AGGRESSIVE;
				CLANG_CXX_LANGUAGE_STANDARD = "gnu++20";
				CLANG_ENABLE_MODULES = YES;
				CLANG_ENABLE_OBJC_ARC = YES;
				CLANG_ENABLE_OBJC_WEAK = YES;
				CLANG_WARN_BLOCK_CAPTURE_AUTORELEASING = YES;
				CLANG_WARN_BOOL_CONVERSION = YES;
				CLANG_WARN_COMMA = YES;
				CLANG_WARN_CONSTANT_CONVERSION = YES;
				CLANG_WARN_DEPRECATED_OBJC_IMPLEMENTATIONS = YES;
				CLANG_WARN_DIRECT_OBJC_ISA_USAGE = YES_ERROR;
				CLANG_WARN_DOCUMENTATION_COMMENTS = YES;
				CLANG_WARN_EMPTY_BODY = YES;
				CLANG_WARN_ENUM_CONVERSION = YES;
				CLANG_WARN_INFINITE_RECURSION = YES;
				CLANG_WARN_INT_CONVERSION = YES;
				CLANG_WARN_NON_LITERAL_NULL_CONVERSION = YES;
				CLANG_WARN_OBJC_IMPLICIT_RETAIN_SELF = YES;
				CLANG_WARN_OBJC_LITERAL_CONVERSION = YES;
				CLANG_WARN_OBJC_ROOT_CLASS = YES_ERROR;
				CLANG_WARN_QUOTED_INCLUDE_IN_FRAMEWORK_HEADER = YES;
				CLANG_WARN_RANGE_LOOP_ANALYSIS = YES;
				CLANG_WARN_STRICT_PROTOTYPES = YES;
				CLANG_WARN_SUSPICIOUS_MOVE = YES;
				CLANG_WARN_UNGUARDED_AVAILABILITY = YES_AGGRESSIVE;
				CLANG_WARN_UNREACHABLE_CODE = YES;
				CLANG_WARN__DUPLICATE_METHOD_MATCH = YES;
				COPY_PHASE_STRIP = NO;
				DEBUG_INFORMATION_FORMAT = dwarf;
				ENABLE_STRICT_OBJC_MSGSEND = YES;
				ENABLE_TESTABILITY = YES;
				ENABLE_USER_SCRIPT_SANDBOXING = YES;
				GCC_C_LANGUAGE_STANDARD = gnu11;
				GCC_DYNAMIC_NO_PIC = NO;
				GCC_NO_COMMON_BLOCKS = YES;
				GCC_OPTIMIZATION_LEVEL = 0;
				GCC_PREPROCESSOR_DEFINITIONS = (
					"DEBUG=1",
					"$(inherited)",
				);
				GCC_WARN_64_TO_32_BIT_CONVERSION = YES;
				GCC_WARN_ABOUT_RETURN_TYPE = YES_ERROR;
				GCC_WARN_UNDECLARED_SELECTOR = YES;
				GCC_WARN_UNINITIALIZED_AUTOS = YES_AGGRESSIVE;
				GCC_WARN_UNUSED_FUNCTION = YES;
				GCC_WARN_UNUSED_VARIABLE = YES;
				IPHONEOS_DEPLOYMENT_TARGET = 16.4;
				MTL_ENABLE_DEBUG_INFO = INCLUDE_SOURCE;
				MTL_FAST_MATH = YES;
				ONLY_ACTIVE_ARCH = YES;
				SDKROOT = iphoneos;
				SWIFT_ACTIVE_COMPILATION_CONDITIONS = DEBUG;
				SWIFT_OPTIMIZATION_LEVEL = "-Onone";
			};
			name = Debug;
		};
		0338A4482A9E006100C1DD27 /* Release */ = {
			isa = XCBuildConfiguration;
			buildSettings = {
				ALWAYS_SEARCH_USER_PATHS = NO;
				CLANG_ANALYZER_LOCALIZABILITY_NONLOCALIZED = YES;
				CLANG_ANALYZER_NONNULL = YES;
				CLANG_ANALYZER_NUMBER_OBJECT_CONVERSION = YES_AGGRESSIVE;
				CLANG_CXX_LANGUAGE_STANDARD = "gnu++20";
				CLANG_ENABLE_MODULES = YES;
				CLANG_ENABLE_OBJC_ARC = YES;
				CLANG_ENABLE_OBJC_WEAK = YES;
				CLANG_WARN_BLOCK_CAPTURE_AUTORELEASING = YES;
				CLANG_WARN_BOOL_CONVERSION = YES;
				CLANG_WARN_COMMA = YES;
				CLANG_WARN_CONSTANT_CONVERSION = YES;
				CLANG_WARN_DEPRECATED_OBJC_IMPLEMENTATIONS = YES;
				CLANG_WARN_DIRECT_OBJC_ISA_USAGE = YES_ERROR;
				CLANG_WARN_DOCUMENTATION_COMMENTS = YES;
				CLANG_WARN_EMPTY_BODY = YES;
				CLANG_WARN_ENUM_CONVERSION = YES;
				CLANG_WARN_INFINITE_RECURSION = YES;
				CLANG_WARN_INT_CONVERSION = YES;
				CLANG_WARN_NON_LITERAL_NULL_CONVERSION = YES;
				CLANG_WARN_OBJC_IMPLICIT_RETAIN_SELF = YES;
				CLANG_WARN_OBJC_LITERAL_CONVERSION = YES;
				CLANG_WARN_OBJC_ROOT_CLASS = YES_ERROR;
				CLANG_WARN_QUOTED_INCLUDE_IN_FRAMEWORK_HEADER = YES;
				CLANG_WARN_RANGE_LOOP_ANALYSIS = YES;
				CLANG_WARN_STRICT_PROTOTYPES = YES;
				CLANG_WARN_SUSPICIOUS_MOVE = YES;
				CLANG_WARN_UNGUARDED_AVAILABILITY = YES_AGGRESSIVE;
				CLANG_WARN_UNREACHABLE_CODE = YES;
				CLANG_WARN__DUPLICATE_METHOD_MATCH = YES;
				COPY_PHASE_STRIP = NO;
				DEBUG_INFORMATION_FORMAT = "dwarf-with-dsym";
				ENABLE_NS_ASSERTIONS = NO;
				ENABLE_STRICT_OBJC_MSGSEND = YES;
				ENABLE_USER_SCRIPT_SANDBOXING = YES;
				GCC_C_LANGUAGE_STANDARD = gnu11;
				GCC_NO_COMMON_BLOCKS = YES;
				GCC_WARN_64_TO_32_BIT_CONVERSION = YES;
				GCC_WARN_ABOUT_RETURN_TYPE = YES_ERROR;
				GCC_WARN_UNDECLARED_SELECTOR = YES;
				GCC_WARN_UNINITIALIZED_AUTOS = YES_AGGRESSIVE;
				GCC_WARN_UNUSED_FUNCTION = YES;
				GCC_WARN_UNUSED_VARIABLE = YES;
				IPHONEOS_DEPLOYMENT_TARGET = 16.4;
				MTL_ENABLE_DEBUG_INFO = NO;
				MTL_FAST_MATH = YES;
				SDKROOT = iphoneos;
				SWIFT_COMPILATION_MODE = wholemodule;
				SWIFT_OPTIMIZATION_LEVEL = "-O";
				VALIDATE_PRODUCT = YES;
			};
			name = Release;
		};
		0338A44A2A9E006100C1DD27 /* Debug */ = {
			isa = XCBuildConfiguration;
			buildSettings = {
				ASSETCATALOG_COMPILER_APPICON_NAME = AppIcon;
				ASSETCATALOG_COMPILER_GLOBAL_ACCENT_COLOR_NAME = AccentColor;
				CODE_SIGN_STYLE = Automatic;
				CURRENT_PROJECT_VERSION = 1;
				DEVELOPMENT_TEAM = 9R2KGM7B52;
				GENERATE_INFOPLIST_FILE = YES;
				INFOPLIST_FILE = Tracker/Info.plist;
				INFOPLIST_KEY_UIApplicationSupportsIndirectInputEvents = YES;
				INFOPLIST_KEY_UILaunchStoryboardName = LaunchScreen;
				INFOPLIST_KEY_UISupportedInterfaceOrientations = UIInterfaceOrientationPortrait;
				IPHONEOS_DEPLOYMENT_TARGET = 13.4;
				LD_RUNPATH_SEARCH_PATHS = (
					"$(inherited)",
					"@executable_path/Frameworks",
				);
				MARKETING_VERSION = 1.0;
				PRODUCT_BUNDLE_IDENTIFIER = ru.takeastar.Tracker;
				PRODUCT_NAME = "$(TARGET_NAME)";
				SUPPORTED_PLATFORMS = "iphoneos iphonesimulator";
				SUPPORTS_MACCATALYST = NO;
				SUPPORTS_MAC_DESIGNED_FOR_IPHONE_IPAD = NO;
				SWIFT_EMIT_LOC_STRINGS = YES;
				SWIFT_VERSION = 5.0;
				TARGETED_DEVICE_FAMILY = 1;
			};
			name = Debug;
		};
		0338A44B2A9E006100C1DD27 /* Release */ = {
			isa = XCBuildConfiguration;
			buildSettings = {
				ASSETCATALOG_COMPILER_APPICON_NAME = AppIcon;
				ASSETCATALOG_COMPILER_GLOBAL_ACCENT_COLOR_NAME = AccentColor;
				CODE_SIGN_STYLE = Automatic;
				CURRENT_PROJECT_VERSION = 1;
				DEVELOPMENT_TEAM = 9R2KGM7B52;
				GENERATE_INFOPLIST_FILE = YES;
				INFOPLIST_FILE = Tracker/Info.plist;
				INFOPLIST_KEY_UIApplicationSupportsIndirectInputEvents = YES;
				INFOPLIST_KEY_UILaunchStoryboardName = LaunchScreen;
				INFOPLIST_KEY_UISupportedInterfaceOrientations = UIInterfaceOrientationPortrait;
				IPHONEOS_DEPLOYMENT_TARGET = 13.4;
				LD_RUNPATH_SEARCH_PATHS = (
					"$(inherited)",
					"@executable_path/Frameworks",
				);
				MARKETING_VERSION = 1.0;
				PRODUCT_BUNDLE_IDENTIFIER = ru.takeastar.Tracker;
				PRODUCT_NAME = "$(TARGET_NAME)";
				SUPPORTED_PLATFORMS = "iphoneos iphonesimulator";
				SUPPORTS_MACCATALYST = NO;
				SUPPORTS_MAC_DESIGNED_FOR_IPHONE_IPAD = NO;
				SWIFT_EMIT_LOC_STRINGS = YES;
				SWIFT_VERSION = 5.0;
				TARGETED_DEVICE_FAMILY = 1;
			};
			name = Release;
		};
		0338A44D2A9E006100C1DD27 /* Debug */ = {
			isa = XCBuildConfiguration;
			buildSettings = {
				ALWAYS_EMBED_SWIFT_STANDARD_LIBRARIES = YES;
				BUNDLE_LOADER = "$(TEST_HOST)";
				CODE_SIGN_STYLE = Automatic;
				CURRENT_PROJECT_VERSION = 1;
				DEVELOPMENT_TEAM = 9R2KGM7B52;
				GENERATE_INFOPLIST_FILE = YES;
				IPHONEOS_DEPLOYMENT_TARGET = 16.4;
				MARKETING_VERSION = 1.0;
				PRODUCT_BUNDLE_IDENTIFIER = ru.takeastar.TrackerTests;
				PRODUCT_NAME = "$(TARGET_NAME)";
				SWIFT_EMIT_LOC_STRINGS = NO;
				SWIFT_VERSION = 5.0;
				TARGETED_DEVICE_FAMILY = "1,2";
				TEST_HOST = "$(BUILT_PRODUCTS_DIR)/Tracker.app/$(BUNDLE_EXECUTABLE_FOLDER_PATH)/Tracker";
			};
			name = Debug;
		};
		0338A44E2A9E006100C1DD27 /* Release */ = {
			isa = XCBuildConfiguration;
			buildSettings = {
				ALWAYS_EMBED_SWIFT_STANDARD_LIBRARIES = YES;
				BUNDLE_LOADER = "$(TEST_HOST)";
				CODE_SIGN_STYLE = Automatic;
				CURRENT_PROJECT_VERSION = 1;
				DEVELOPMENT_TEAM = 9R2KGM7B52;
				GENERATE_INFOPLIST_FILE = YES;
				IPHONEOS_DEPLOYMENT_TARGET = 16.4;
				MARKETING_VERSION = 1.0;
				PRODUCT_BUNDLE_IDENTIFIER = ru.takeastar.TrackerTests;
				PRODUCT_NAME = "$(TARGET_NAME)";
				SWIFT_EMIT_LOC_STRINGS = NO;
				SWIFT_VERSION = 5.0;
				TARGETED_DEVICE_FAMILY = "1,2";
				TEST_HOST = "$(BUILT_PRODUCTS_DIR)/Tracker.app/$(BUNDLE_EXECUTABLE_FOLDER_PATH)/Tracker";
			};
			name = Release;
		};
		0338A4502A9E006100C1DD27 /* Debug */ = {
			isa = XCBuildConfiguration;
			buildSettings = {
				ALWAYS_EMBED_SWIFT_STANDARD_LIBRARIES = YES;
				CODE_SIGN_STYLE = Automatic;
				CURRENT_PROJECT_VERSION = 1;
				DEVELOPMENT_TEAM = 9R2KGM7B52;
				GENERATE_INFOPLIST_FILE = YES;
				MARKETING_VERSION = 1.0;
				PRODUCT_BUNDLE_IDENTIFIER = ru.takeastar.TrackerUITests;
				PRODUCT_NAME = "$(TARGET_NAME)";
				SWIFT_EMIT_LOC_STRINGS = NO;
				SWIFT_VERSION = 5.0;
				TARGETED_DEVICE_FAMILY = "1,2";
				TEST_TARGET_NAME = Tracker;
			};
			name = Debug;
		};
		0338A4512A9E006100C1DD27 /* Release */ = {
			isa = XCBuildConfiguration;
			buildSettings = {
				ALWAYS_EMBED_SWIFT_STANDARD_LIBRARIES = YES;
				CODE_SIGN_STYLE = Automatic;
				CURRENT_PROJECT_VERSION = 1;
				DEVELOPMENT_TEAM = 9R2KGM7B52;
				GENERATE_INFOPLIST_FILE = YES;
				MARKETING_VERSION = 1.0;
				PRODUCT_BUNDLE_IDENTIFIER = ru.takeastar.TrackerUITests;
				PRODUCT_NAME = "$(TARGET_NAME)";
				SWIFT_EMIT_LOC_STRINGS = NO;
				SWIFT_VERSION = 5.0;
				TARGETED_DEVICE_FAMILY = "1,2";
				TEST_TARGET_NAME = Tracker;
			};
			name = Release;
		};
/* End XCBuildConfiguration section */

/* Begin XCConfigurationList section */
		0338A41A2A9E006000C1DD27 /* Build configuration list for PBXProject "Tracker" */ = {
			isa = XCConfigurationList;
			buildConfigurations = (
				0338A4472A9E006100C1DD27 /* Debug */,
				0338A4482A9E006100C1DD27 /* Release */,
			);
			defaultConfigurationIsVisible = 0;
			defaultConfigurationName = Release;
		};
		0338A4492A9E006100C1DD27 /* Build configuration list for PBXNativeTarget "Tracker" */ = {
			isa = XCConfigurationList;
			buildConfigurations = (
				0338A44A2A9E006100C1DD27 /* Debug */,
				0338A44B2A9E006100C1DD27 /* Release */,
			);
			defaultConfigurationIsVisible = 0;
			defaultConfigurationName = Release;
		};
		0338A44C2A9E006100C1DD27 /* Build configuration list for PBXNativeTarget "TrackerTests" */ = {
			isa = XCConfigurationList;
			buildConfigurations = (
				0338A44D2A9E006100C1DD27 /* Debug */,
				0338A44E2A9E006100C1DD27 /* Release */,
			);
			defaultConfigurationIsVisible = 0;
			defaultConfigurationName = Release;
		};
		0338A44F2A9E006100C1DD27 /* Build configuration list for PBXNativeTarget "TrackerUITests" */ = {
			isa = XCConfigurationList;
			buildConfigurations = (
				0338A4502A9E006100C1DD27 /* Debug */,
				0338A4512A9E006100C1DD27 /* Release */,
			);
			defaultConfigurationIsVisible = 0;
			defaultConfigurationName = Release;
		};
/* End XCConfigurationList section */

/* Begin XCVersionGroup section */
		03BCF2A62B0A296100223342 /* Trackers.xcdatamodeld */ = {
			isa = XCVersionGroup;
			children = (
				03BCF2A72B0A296100223342 /* Trackers.xcdatamodel */,
			);
			currentVersion = 03BCF2A72B0A296100223342 /* Trackers.xcdatamodel */;
			path = Trackers.xcdatamodeld;
			sourceTree = "<group>";
			versionGroupType = wrapper.xcdatamodel;
		};
/* End XCVersionGroup section */
	};
	rootObject = 0338A4172A9E006000C1DD27 /* Project object */;
}
